
Microsoft Visual Studio Solution File, Format Version 12.00
# Visual Studio Version 17
VisualStudioVersion = 17.14.36414.22
MinimumVisualStudioVersion = 10.0.40219.1
Project("{FAE04EC0-301F-11D3-BF4B-00C04F79EFBC}") = "PhasmoStats", "PhasmoStats\PhasmoStats.csproj", "{A785D3E5-B0AF-4A5A-9918-06A98CFFE302}"
EndProject
Project("{FAE04EC0-301F-11D3-BF4B-00C04F79EFBC}") = "Logic", "Logic\Logic.csproj", "{60FB2E0C-7413-453B-84AD-42A6D7912772}"
EndProject
Project("{FAE04EC0-301F-11D3-BF4B-00C04F79EFBC}") = "PhasmoStatsBlazor", "PhasmoStatsBlazor\PhasmoStatsBlazor.csproj", "{B25237E2-577E-4811-92A2-ED048841B7DF}"
EndProject
Global
	GlobalSection(SolutionConfigurationPlatforms) = preSolution
		Debug|Any CPU = Debug|Any CPU
		Release|Any CPU = Release|Any CPU
	EndGlobalSection
	GlobalSection(ProjectConfigurationPlatforms) = postSolution
		{A785D3E5-B0AF-4A5A-9918-06A98CFFE302}.Debug|Any CPU.ActiveCfg = Debug|Any CPU
		{A785D3E5-B0AF-4A5A-9918-06A98CFFE302}.Debug|Any CPU.Build.0 = Debug|Any CPU
		{A785D3E5-B0AF-4A5A-9918-06A98CFFE302}.Release|Any CPU.ActiveCfg = Release|Any CPU
		{A785D3E5-B0AF-4A5A-9918-06A98CFFE302}.Release|Any CPU.Build.0 = Release|Any CPU
		{60FB2E0C-7413-453B-84AD-42A6D7912772}.Debug|Any CPU.ActiveCfg = Debug|Any CPU
		{60FB2E0C-7413-453B-84AD-42A6D7912772}.Debug|Any CPU.Build.0 = Debug|Any CPU
		{60FB2E0C-7413-453B-84AD-42A6D7912772}.Release|Any CPU.ActiveCfg = Release|Any CPU
		{60FB2E0C-7413-453B-84AD-42A6D7912772}.Release|Any CPU.Build.0 = Release|Any CPU
		{B25237E2-577E-4811-92A2-ED048841B7DF}.Debug|Any CPU.ActiveCfg = Debug|Any CPU
		{B25237E2-577E-4811-92A2-ED048841B7DF}.Debug|Any CPU.Build.0 = Debug|Any CPU
		{B25237E2-577E-4811-92A2-ED048841B7DF}.Debug|Any CPU.Deploy.0 = Debug|Any CPU
		{B25237E2-577E-4811-92A2-ED048841B7DF}.Release|Any CPU.ActiveCfg = Release|Any CPU
		{B25237E2-577E-4811-92A2-ED048841B7DF}.Release|Any CPU.Build.0 = Release|Any CPU
	EndGlobalSection
	GlobalSection(SolutionProperties) = preSolution
		HideSolutionNode = FALSE
	EndGlobalSection
	GlobalSection(ExtensibilityGlobals) = postSolution
		SolutionGuid = {92371CA6-95A5-4FCE-82F9-51239F444C71}
	EndGlobalSection
EndGlobal
